
Microsoft Visual Studio Solution File, Format Version 12.00
# Visual Studio Version 17
VisualStudioVersion = 17.14.36511.14
MinimumVisualStudioVersion = 10.0.40219.1
Project("{FAE04EC0-301F-11D3-BF4B-00C04F79EFBC}") = "DMVConnect", "DMVConnect.csproj", "{B4C473FD-63CA-4414-B187-A953576ECF5A}"
EndProject
Project("{FAE04EC0-301F-11D3-BF4B-00C04F79EFBC}") = "DMVConnect.Data", "..\DMVConnect.Data\DMVConnect.Data.csproj", "{264026A1-1817-4128-8E0F-0A64DC20A3D3}"
EndProject
Global
	GlobalSection(SolutionConfigurationPlatforms) = preSolution
		Debug|Any CPU = Debug|Any CPU
		Release|Any CPU = Release|Any CPU
	EndGlobalSection
	GlobalSection(ProjectConfigurationPlatforms) = postSolution
		{B4C473FD-63CA-4414-B187-A953576ECF5A}.Debug|Any CPU.ActiveCfg = Debug|Any CPU
		{B4C473FD-63CA-4414-B187-A953576ECF5A}.Debug|Any CPU.Build.0 = Debug|Any CPU
		{B4C473FD-63CA-4414-B187-A953576ECF5A}.Release|Any CPU.ActiveCfg = Release|Any CPU
		{B4C473FD-63CA-4414-B187-A953576ECF5A}.Release|Any CPU.Build.0 = Release|Any CPU
		{264026A1-1817-4128-8E0F-0A64DC20A3D3}.Debug|Any CPU.ActiveCfg = Debug|Any CPU
		{264026A1-1817-4128-8E0F-0A64DC20A3D3}.Debug|Any CPU.Build.0 = Debug|Any CPU
		{264026A1-1817-4128-8E0F-0A64DC20A3D3}.Release|Any CPU.ActiveCfg = Release|Any CPU
		{264026A1-1817-4128-8E0F-0A64DC20A3D3}.Release|Any CPU.Build.0 = Release|Any CPU
	EndGlobalSection
	GlobalSection(SolutionProperties) = preSolution
		HideSolutionNode = FALSE
	EndGlobalSection
	GlobalSection(ExtensibilityGlobals) = postSolution
		SolutionGuid = {567FE911-3FD1-4E33-8C72-6BA12AA91A81}
	EndGlobalSection
EndGlobal
